{
  "name": "twittertest",
  "version": "1.0.0",
  "lockfileVersion": 1,
  "requires": true,
  "dependencies": {
    "async-limiter": {
      "version": "1.0.0",
      "resolved": "https://registry.npmjs.org/async-limiter/-/async-limiter-1.0.0.tgz",
      "integrity": "sha1-ePrtjD0HSrgfIrTphdeehzj3IPg="
    },
    "cookies": {
      "version": "0.1.6",
      "resolved": "https://registry.npmjs.org/cookies/-/cookies-0.1.6.tgz",
      "integrity": "sha1-ISlYi4seOC/7qZDZ+c+d3ywUKEY="
    },
    "gun": {
      "version": "0.9.9993",
      "resolved": "https://registry.npmjs.org/gun/-/gun-0.9.9993.tgz",
      "integrity": "sha512-21S25wn6w8Rno0jIbXrFfPSNhfcMJcSrfsrbBBlJD6NX23zrgsiHt031qJn4w/p7pJSNuPk8dl/pLXlmi7uf/Q==",
      "requires": {
        "ws": "~>5.2.0"
      }
    },
    "gun-file": {
      "version": "1.0.123",
      "resolved": "https://registry.npmjs.org/gun-file/-/gun-file-1.0.123.tgz",
      "integrity": "sha512-Vs5AdPhv5WldcRCbYg9/Lydx0qgx4No3i5YRXu0L3Hw+Y49mVqNqauHzpbQTO2hjQ+Cii6YjaYVBfDYXsdlA0g==",
      "requires": {
        "gun": "^0.9.96",
        "json-6": "^0"
      }
    },
    "json-6": {
      "version": "0.1.128",
      "resolved": "https://registry.npmjs.org/json-6/-/json-6-0.1.128.tgz",
      "integrity": "sha512-drsXxm2Z5DnjgtH80fy6qMfNPQMpaK4blHBcWlHFLiaz/NKfRFSuvhLoJGzZuo64B/t8Nx1stNzCTUzrmKz+dw=="
    },
    "keygrip": {
      "version": "0.2.4",
      "resolved": "https://registry.npmjs.org/keygrip/-/keygrip-0.2.4.tgz",
      "integrity": "sha1-ndGy5IWhFiydTm94feh/xQ+HvFg="
    },
    "ntwitter": {
      "version": "0.5.0",
      "resolved": "https://registry.npmjs.org/ntwitter/-/ntwitter-0.5.0.tgz",
      "integrity": "sha1-MMQBBfgkMvqJVqT3ZV3pMq9jFTQ=",
      "requires": {
        "cookies": "0.1.x",
        "keygrip": "0.2.x",
        "oauth": ">=0.8.4"
      }
    },
    "oauth": {
      "version": "0.9.15",
      "resolved": "https://registry.npmjs.org/oauth/-/oauth-0.9.15.tgz",
      "integrity": "sha1-vR/vr2hslrdUda7VGWQS/2DPucE="
    },
    "ws": {
      "version": "5.2.1",
      "resolved": "https://registry.npmjs.org/ws/-/ws-5.2.1.tgz",
      "integrity": "sha512-2NkHdPKjDBj3CHdnAGNpmlliryKqF+n9MYXX7/wsVC4yqYocKreKNjydPDvT3wShAZnndlM0RytEfTALCDvz7A==",
      "requires": {
        "async-limiter": "~1.0.0"
      }
    }
  }
}
